
Microsoft Visual Studio Solution File, Format Version 12.00
# Visual Studio Version 17
VisualStudioVersion = 17.0.31903.59
MinimumVisualStudioVersion = 10.0.40219.1
Project("{2150E333-8FDC-42A3-9474-1A3956D46DE8}") = "src", "src", "{6462DD7E-2AFB-41D1-BA04-BC34C6E02772}"
EndProject
Project("{2150E333-8FDC-42A3-9474-1A3956D46DE8}") = "v1", "v1", "{F5E2FE7B-D9B2-4783-BC32-72847A88D1E5}"
EndProject
Project("{FAE04EC0-301F-11D3-BF4B-00C04F79EFBC}") = "Web.Api", "src\v1\Web.Api\Web.Api.csproj", "{C44B2581-6A55-4A36-907D-AFE1ABD8DD59}"
EndProject
Global
	GlobalSection(SolutionConfigurationPlatforms) = preSolution
		Debug|Any CPU = Debug|Any CPU
		Release|Any CPU = Release|Any CPU
	EndGlobalSection
	GlobalSection(SolutionProperties) = preSolution
		HideSolutionNode = FALSE
	EndGlobalSection
	GlobalSection(ProjectConfigurationPlatforms) = postSolution
		{C44B2581-6A55-4A36-907D-AFE1ABD8DD59}.Debug|Any CPU.ActiveCfg = Debug|Any CPU
		{C44B2581-6A55-4A36-907D-AFE1ABD8DD59}.Debug|Any CPU.Build.0 = Debug|Any CPU
		{C44B2581-6A55-4A36-907D-AFE1ABD8DD59}.Release|Any CPU.ActiveCfg = Release|Any CPU
		{C44B2581-6A55-4A36-907D-AFE1ABD8DD59}.Release|Any CPU.Build.0 = Release|Any CPU
	EndGlobalSection
	GlobalSection(NestedProjects) = preSolution
		{F5E2FE7B-D9B2-4783-BC32-72847A88D1E5} = {6462DD7E-2AFB-41D1-BA04-BC34C6E02772}
		{C44B2581-6A55-4A36-907D-AFE1ABD8DD59} = {F5E2FE7B-D9B2-4783-BC32-72847A88D1E5}
	EndGlobalSection
EndGlobal
